lockfileVersion: '9.0'

settings:
  autoInstallPeers: true
  excludeLinksFromLockfile: false

importers:

  .:
    dependencies:
      morgan:
        specifier: ^1.10.1
        version: 1.10.1

packages:

  basic-auth@2.0.1:
    resolution: {integrity: sha512-NF+epuEdnUYVlGuhaxbbq+dvJttwLnGY+YixlXlME5KpQ5W3CnXA5cVTneY3SPbPDRkcjMbifrwmFYcClgOZeg==}
    engines: {node: '>= 0.8'}

  debug@2.6.9:
    resolution: {integrity: sha512-bC7ElrdJaJnPbAP+1EotYvqZsb3ecl5wi6Bfi6BJTUcNowp6cvspg0jXznRTKDjm/E7AdgFBVeAPVMNcKGsHMA==}
    peerDependencies:
      supports-color: '*'
    peerDependenciesMeta:
      supports-color:
        optional: true

  depd@2.0.0:
    resolution: {integrity: sha512-g7nH6P6dyDioJogAAGprGpCtVImJhpPk/roCzdb3fIh61/s/nPsfR6onyMwkCAR/OlC3yBC0lESvUoQEAssIrw==}
    engines: {node: '>= 0.8'}

  ee-first@1.1.1:
    resolution: {integrity: sha512-WMwm9LhRUo+WUaRN+vRuETqG89IgZphVSNkdFgeb6sS/E4OrDIN7t48CAewSHXc6C8lefD8KKfr5vY61brQlow==}

  morgan@1.10.1:
    resolution: {integrity: sha512-223dMRJtI/l25dJKWpgij2cMtywuG/WiUKXdvwfbhGKBhy1puASqXwFzmWZ7+K73vUPoR7SS2Qz2cI/g9MKw0A==}
    engines: {node: '>= 0.8.0'}

  ms@2.0.0:
    resolution: {integrity: sha512-Tpp60P6IUJDTuOq/5Z8cdskzJujfwqfOTkrwIwj7IRISpnkJnT6SyJ4PCPnGMoFjC9ddhal5KVIYtAt97ix05A==}

  on-finished@2.3.0:
    resolution: {integrity: sha512-ikqdkGAAyf/X/gPhXGvfgAytDZtDbr+bkNUJ0N9h5MI/dmdgCs3l6hoHrcUv41sRKew3jIwrp4qQDXiK99Utww==}
    engines: {node: '>= 0.8'}

  on-headers@1.1.0:
    resolution: {integrity: sha512-737ZY3yNnXy37FHkQxPzt4UZ2UWPWiCZWLvFZ4fu5cueciegX0zGPnrlY6bwRg4FdQOe9YU8MkmJwGhoMybl8A==}
    engines: {node: '>= 0.8'}

  safe-buffer@5.1.2:
    resolution: {integrity: sha512-Gd2UZBJDkXlY7GbJxfsE8/nvKkUEU1G38c1siN6QP6a9PT9MmHB8GnpscSmMJSoF8LOIrt8ud/wPtojys4G6+g==}

snapshots:

  basic-auth@2.0.1:
    dependencies:
      safe-buffer: 5.1.2

  debug@2.6.9:
    dependencies:
      ms: 2.0.0

  depd@2.0.0: {}

  ee-first@1.1.1: {}

  morgan@1.10.1:
    dependencies:
      basic-auth: 2.0.1
      debug: 2.6.9
      depd: 2.0.0
      on-finished: 2.3.0
      on-headers: 1.1.0
    transitivePeerDependencies:
      - supports-color

  ms@2.0.0: {}

  on-finished@2.3.0:
    dependencies:
      ee-first: 1.1.1

  on-headers@1.1.0: {}

  safe-buffer@5.1.2: {}
